
Microsoft Visual Studio Solution File, Format Version 12.00
# Visual Studio Version 17
VisualStudioVersion = 17.9.34607.119
MinimumVisualStudioVersion = 10.0.40219.1
Project("{F2A71F9B-5D33-465A-A702-920D77279786}") = "ConsoleApp1", "ConsoleApp1\ConsoleApp1.fsproj", "{22AD01FF-8126-458D-897B-BE18D2EB3718}"
EndProject
Global
	GlobalSection(SolutionConfigurationPlatforms) = preSolution
		Debug|Any CPU = Debug|Any CPU
		Release|Any CPU = Release|Any CPU
	EndGlobalSection
	GlobalSection(ProjectConfigurationPlatforms) = postSolution
		{22AD01FF-8126-458D-897B-BE18D2EB3718}.Debug|Any CPU.ActiveCfg = Debug|Any CPU
		{22AD01FF-8126-458D-897B-BE18D2EB3718}.Debug|Any CPU.Build.0 = Debug|Any CPU
		{22AD01FF-8126-458D-897B-BE18D2EB3718}.Release|Any CPU.ActiveCfg = Release|Any CPU
		{22AD01FF-8126-458D-897B-BE18D2EB3718}.Release|Any CPU.Build.0 = Release|Any CPU
	EndGlobalSection
	GlobalSection(SolutionProperties) = preSolution
		HideSolutionNode = FALSE
	EndGlobalSection
	GlobalSection(ExtensibilityGlobals) = postSolution
		SolutionGuid = {49757593-50D7-491E-B2FB-54098F97FC9E}
	EndGlobalSection
EndGlobal
