
Microsoft Visual Studio Solution File, Format Version 12.00
# Visual Studio Version 17
VisualStudioVersion = 17.9.34728.123
MinimumVisualStudioVersion = 10.0.40219.1
Project("{F2A71F9B-5D33-465A-A702-920D77279786}") = "Library Managment", "Library Managment\Library Managment.fsproj", "{AC26DCF3-B6A9-40FA-920D-9D00BB18F5EA}"
EndProject
Global
	GlobalSection(SolutionConfigurationPlatforms) = preSolution
		Debug|Any CPU = Debug|Any CPU
		Release|Any CPU = Release|Any CPU
	EndGlobalSection
	GlobalSection(ProjectConfigurationPlatforms) = postSolution
		{AC26DCF3-B6A9-40FA-920D-9D00BB18F5EA}.Debug|Any CPU.ActiveCfg = Debug|Any CPU
		{AC26DCF3-B6A9-40FA-920D-9D00BB18F5EA}.Debug|Any CPU.Build.0 = Debug|Any CPU
		{AC26DCF3-B6A9-40FA-920D-9D00BB18F5EA}.Release|Any CPU.ActiveCfg = Release|Any CPU
		{AC26DCF3-B6A9-40FA-920D-9D00BB18F5EA}.Release|Any CPU.Build.0 = Release|Any CPU
	EndGlobalSection
	GlobalSection(SolutionProperties) = preSolution
		HideSolutionNode = FALSE
	EndGlobalSection
	GlobalSection(ExtensibilityGlobals) = postSolution
		SolutionGuid = {3DAFB950-E76F-458A-A849-C464906444EC}
	EndGlobalSection
EndGlobal
